
Microsoft Visual Studio Solution File, Format Version 12.00
# Visual Studio Version 16
VisualStudioVersion = 16.0.30717.126
MinimumVisualStudioVersion = 10.0.40219.1
Project("{FAE04EC0-301F-11D3-BF4B-00C04F79EFBC}") = "Car racing", "Car racing\Car racing.csproj", "{C27FE7B2-6441-42CC-94F4-275434D5E6EE}"
EndProject
Global
	GlobalSection(SolutionConfigurationPlatforms) = preSolution
		Debug|Any CPU = Debug|Any CPU
		Release|Any CPU = Release|Any CPU
	EndGlobalSection
	GlobalSection(ProjectConfigurationPlatforms) = postSolution
		{C27FE7B2-6441-42CC-94F4-275434D5E6EE}.Debug|Any CPU.ActiveCfg = Debug|Any CPU
		{C27FE7B2-6441-42CC-94F4-275434D5E6EE}.Debug|Any CPU.Build.0 = Debug|Any CPU
		{C27FE7B2-6441-42CC-94F4-275434D5E6EE}.Release|Any CPU.ActiveCfg = Release|Any CPU
		{C27FE7B2-6441-42CC-94F4-275434D5E6EE}.Release|Any CPU.Build.0 = Release|Any CPU
	EndGlobalSection
	GlobalSection(SolutionProperties) = preSolution
		HideSolutionNode = FALSE
	EndGlobalSection
	GlobalSection(ExtensibilityGlobals) = postSolution
		SolutionGuid = {CE6E8E95-5BC6-43D7-90C0-DE048F5F07D0}
	EndGlobalSection
EndGlobal
